
Microsoft Visual Studio Solution File, Format Version 12.00
# Visual Studio Version 17
VisualStudioVersion = 17.11.35327.3
MinimumVisualStudioVersion = 10.0.40219.1
Project("{FAE04EC0-301F-11D3-BF4B-00C04F79EFBC}") = "1.31.2025", "1.31.2025\1.31.2025.csproj", "{F38415E8-1EC5-4189-B3B6-5DF3C7D39BDE}"
EndProject
Global
	GlobalSection(SolutionConfigurationPlatforms) = preSolution
		Debug|Any CPU = Debug|Any CPU
		Release|Any CPU = Release|Any CPU
	EndGlobalSection
	GlobalSection(ProjectConfigurationPlatforms) = postSolution
		{F38415E8-1EC5-4189-B3B6-5DF3C7D39BDE}.Debug|Any CPU.ActiveCfg = Debug|Any CPU
		{F38415E8-1EC5-4189-B3B6-5DF3C7D39BDE}.Debug|Any CPU.Build.0 = Debug|Any CPU
		{F38415E8-1EC5-4189-B3B6-5DF3C7D39BDE}.Release|Any CPU.ActiveCfg = Release|Any CPU
		{F38415E8-1EC5-4189-B3B6-5DF3C7D39BDE}.Release|Any CPU.Build.0 = Release|Any CPU
	EndGlobalSection
	GlobalSection(SolutionProperties) = preSolution
		HideSolutionNode = FALSE
	EndGlobalSection
	GlobalSection(ExtensibilityGlobals) = postSolution
		SolutionGuid = {63C15E6C-2027-4705-88FC-C2956C9E4928}
	EndGlobalSection
EndGlobal
