
Microsoft Visual Studio Solution File, Format Version 12.00
# Visual Studio Version 17
VisualStudioVersion = 17.11.35327.3
MinimumVisualStudioVersion = 10.0.40219.1
Project("{FAE04EC0-301F-11D3-BF4B-00C04F79EFBC}") = "zad 3", "zad 3\zad 3.csproj", "{48CF7796-E001-4DF9-97C8-2269224EC56D}"
EndProject
Project("{FAE04EC0-301F-11D3-BF4B-00C04F79EFBC}") = "zad 4", "zad 4\zad 4.csproj", "{B66B2F31-87D1-4F87-AD25-81FAF3D07EED}"
EndProject
Project("{FAE04EC0-301F-11D3-BF4B-00C04F79EFBC}") = "zad 4_1", "zad5\zad 4_1.csproj", "{8AAA3950-4856-49C3-A373-52F5BA22DB1F}"
EndProject
Project("{FAE04EC0-301F-11D3-BF4B-00C04F79EFBC}") = "zad 1,2", "zad 1,2\zad 1,2.csproj", "{6DF858C3-9BDC-49E5-B4AC-3D8F86ABA717}"
EndProject
Project("{FAE04EC0-301F-11D3-BF4B-00C04F79EFBC}") = "zad 5", "ConsoleApp1\zad 5.csproj", "{2AC5E571-7195-4D24-81D3-F1AA303FE7B2}"
EndProject
Project("{FAE04EC0-301F-11D3-BF4B-00C04F79EFBC}") = "zad 6", "zad 6\zad 6.csproj", "{B10FD546-5957-40D4-B8C5-8BD682892B19}"
EndProject
Project("{FAE04EC0-301F-11D3-BF4B-00C04F79EFBC}") = "zad 7", "zad 7\zad 7.csproj", "{A2656C33-E560-4220-B7DC-54D68C5AD50A}"
EndProject
Project("{FAE04EC0-301F-11D3-BF4B-00C04F79EFBC}") = "zad 8", "zad 8\zad 8.csproj", "{2EEAC804-FC1F-4D40-ABB1-DE0488F38BF1}"
EndProject
Project("{FAE04EC0-301F-11D3-BF4B-00C04F79EFBC}") = "zad 9", "zad 9\zad 9.csproj", "{2BF9AAF8-F4F9-4F2C-BB3E-9DB4D7D8A34D}"
EndProject
Project("{FAE04EC0-301F-11D3-BF4B-00C04F79EFBC}") = "zad 10", "zad 10\zad 10.csproj", "{68C34380-097C-4D3C-8802-79A73DBBB579}"
EndProject
Project("{FAE04EC0-301F-11D3-BF4B-00C04F79EFBC}") = "zad 11", "zad 11\zad 11.csproj", "{EAA36396-D639-4C3A-BC3E-31D88D1D3A0F}"
EndProject
Project("{FAE04EC0-301F-11D3-BF4B-00C04F79EFBC}") = "zad 12", "zad 12\zad 12.csproj", "{86D2A717-C0B9-488D-97C8-E4D9853D6BD1}"
EndProject
Project("{FAE04EC0-301F-11D3-BF4B-00C04F79EFBC}") = "zad 13", "zad 13\zad 13.csproj", "{F6B835E4-F528-4542-880C-8219E055B42A}"
EndProject
Project("{FAE04EC0-301F-11D3-BF4B-00C04F79EFBC}") = "zad 14", "zad 14\zad 14.csproj", "{5E1ED92F-3B02-40DD-9BAF-625B2DC6A3E7}"
EndProject
Global
	GlobalSection(SolutionConfigurationPlatforms) = preSolution
		Debug|Any CPU = Debug|Any CPU
		Release|Any CPU = Release|Any CPU
	EndGlobalSection
	GlobalSection(ProjectConfigurationPlatforms) = postSolution
		{48CF7796-E001-4DF9-97C8-2269224EC56D}.Debug|Any CPU.ActiveCfg = Debug|Any CPU
		{48CF7796-E001-4DF9-97C8-2269224EC56D}.Debug|Any CPU.Build.0 = Debug|Any CPU
		{48CF7796-E001-4DF9-97C8-2269224EC56D}.Release|Any CPU.ActiveCfg = Release|Any CPU
		{48CF7796-E001-4DF9-97C8-2269224EC56D}.Release|Any CPU.Build.0 = Release|Any CPU
		{B66B2F31-87D1-4F87-AD25-81FAF3D07EED}.Debug|Any CPU.ActiveCfg = Debug|Any CPU
		{B66B2F31-87D1-4F87-AD25-81FAF3D07EED}.Debug|Any CPU.Build.0 = Debug|Any CPU
		{B66B2F31-87D1-4F87-AD25-81FAF3D07EED}.Release|Any CPU.ActiveCfg = Release|Any CPU
		{B66B2F31-87D1-4F87-AD25-81FAF3D07EED}.Release|Any CPU.Build.0 = Release|Any CPU
		{8AAA3950-4856-49C3-A373-52F5BA22DB1F}.Debug|Any CPU.ActiveCfg = Debug|Any CPU
		{8AAA3950-4856-49C3-A373-52F5BA22DB1F}.Debug|Any CPU.Build.0 = Debug|Any CPU
		{8AAA3950-4856-49C3-A373-52F5BA22DB1F}.Release|Any CPU.ActiveCfg = Release|Any CPU
		{8AAA3950-4856-49C3-A373-52F5BA22DB1F}.Release|Any CPU.Build.0 = Release|Any CPU
		{6DF858C3-9BDC-49E5-B4AC-3D8F86ABA717}.Debug|Any CPU.ActiveCfg = Debug|Any CPU
		{6DF858C3-9BDC-49E5-B4AC-3D8F86ABA717}.Debug|Any CPU.Build.0 = Debug|Any CPU
		{6DF858C3-9BDC-49E5-B4AC-3D8F86ABA717}.Release|Any CPU.ActiveCfg = Release|Any CPU
		{6DF858C3-9BDC-49E5-B4AC-3D8F86ABA717}.Release|Any CPU.Build.0 = Release|Any CPU
		{2AC5E571-7195-4D24-81D3-F1AA303FE7B2}.Debug|Any CPU.ActiveCfg = Debug|Any CPU
		{2AC5E571-7195-4D24-81D3-F1AA303FE7B2}.Debug|Any CPU.Build.0 = Debug|Any CPU
		{2AC5E571-7195-4D24-81D3-F1AA303FE7B2}.Release|Any CPU.ActiveCfg = Release|Any CPU
		{2AC5E571-7195-4D24-81D3-F1AA303FE7B2}.Release|Any CPU.Build.0 = Release|Any CPU
		{B10FD546-5957-40D4-B8C5-8BD682892B19}.Debug|Any CPU.ActiveCfg = Debug|Any CPU
		{B10FD546-5957-40D4-B8C5-8BD682892B19}.Debug|Any CPU.Build.0 = Debug|Any CPU
		{B10FD546-5957-40D4-B8C5-8BD682892B19}.Release|Any CPU.ActiveCfg = Release|Any CPU
		{B10FD546-5957-40D4-B8C5-8BD682892B19}.Release|Any CPU.Build.0 = Release|Any CPU
		{A2656C33-E560-4220-B7DC-54D68C5AD50A}.Debug|Any CPU.ActiveCfg = Debug|Any CPU
		{A2656C33-E560-4220-B7DC-54D68C5AD50A}.Debug|Any CPU.Build.0 = Debug|Any CPU
		{A2656C33-E560-4220-B7DC-54D68C5AD50A}.Release|Any CPU.ActiveCfg = Release|Any CPU
		{A2656C33-E560-4220-B7DC-54D68C5AD50A}.Release|Any CPU.Build.0 = Release|Any CPU
		{2EEAC804-FC1F-4D40-ABB1-DE0488F38BF1}.Debug|Any CPU.ActiveCfg = Debug|Any CPU
		{2EEAC804-FC1F-4D40-ABB1-DE0488F38BF1}.Debug|Any CPU.Build.0 = Debug|Any CPU
		{2EEAC804-FC1F-4D40-ABB1-DE0488F38BF1}.Release|Any CPU.ActiveCfg = Release|Any CPU
		{2EEAC804-FC1F-4D40-ABB1-DE0488F38BF1}.Release|Any CPU.Build.0 = Release|Any CPU
		{2BF9AAF8-F4F9-4F2C-BB3E-9DB4D7D8A34D}.Debug|Any CPU.ActiveCfg = Debug|Any CPU
		{2BF9AAF8-F4F9-4F2C-BB3E-9DB4D7D8A34D}.Debug|Any CPU.Build.0 = Debug|Any CPU
		{2BF9AAF8-F4F9-4F2C-BB3E-9DB4D7D8A34D}.Release|Any CPU.ActiveCfg = Release|Any CPU
		{2BF9AAF8-F4F9-4F2C-BB3E-9DB4D7D8A34D}.Release|Any CPU.Build.0 = Release|Any CPU
		{68C34380-097C-4D3C-8802-79A73DBBB579}.Debug|Any CPU.ActiveCfg = Debug|Any CPU
		{68C34380-097C-4D3C-8802-79A73DBBB579}.Debug|Any CPU.Build.0 = Debug|Any CPU
		{68C34380-097C-4D3C-8802-79A73DBBB579}.Release|Any CPU.ActiveCfg = Release|Any CPU
		{68C34380-097C-4D3C-8802-79A73DBBB579}.Release|Any CPU.Build.0 = Release|Any CPU
		{EAA36396-D639-4C3A-BC3E-31D88D1D3A0F}.Debug|Any CPU.ActiveCfg = Debug|Any CPU
		{EAA36396-D639-4C3A-BC3E-31D88D1D3A0F}.Debug|Any CPU.Build.0 = Debug|Any CPU
		{EAA36396-D639-4C3A-BC3E-31D88D1D3A0F}.Release|Any CPU.ActiveCfg = Release|Any CPU
		{EAA36396-D639-4C3A-BC3E-31D88D1D3A0F}.Release|Any CPU.Build.0 = Release|Any CPU
		{86D2A717-C0B9-488D-97C8-E4D9853D6BD1}.Debug|Any CPU.ActiveCfg = Debug|Any CPU
		{86D2A717-C0B9-488D-97C8-E4D9853D6BD1}.Debug|Any CPU.Build.0 = Debug|Any CPU
		{86D2A717-C0B9-488D-97C8-E4D9853D6BD1}.Release|Any CPU.ActiveCfg = Release|Any CPU
		{86D2A717-C0B9-488D-97C8-E4D9853D6BD1}.Release|Any CPU.Build.0 = Release|Any CPU
		{F6B835E4-F528-4542-880C-8219E055B42A}.Debug|Any CPU.ActiveCfg = Debug|Any CPU
		{F6B835E4-F528-4542-880C-8219E055B42A}.Debug|Any CPU.Build.0 = Debug|Any CPU
		{F6B835E4-F528-4542-880C-8219E055B42A}.Release|Any CPU.ActiveCfg = Release|Any CPU
		{F6B835E4-F528-4542-880C-8219E055B42A}.Release|Any CPU.Build.0 = Release|Any CPU
		{5E1ED92F-3B02-40DD-9BAF-625B2DC6A3E7}.Debug|Any CPU.ActiveCfg = Debug|Any CPU
		{5E1ED92F-3B02-40DD-9BAF-625B2DC6A3E7}.Debug|Any CPU.Build.0 = Debug|Any CPU
		{5E1ED92F-3B02-40DD-9BAF-625B2DC6A3E7}.Release|Any CPU.ActiveCfg = Release|Any CPU
		{5E1ED92F-3B02-40DD-9BAF-625B2DC6A3E7}.Release|Any CPU.Build.0 = Release|Any CPU
	EndGlobalSection
	GlobalSection(SolutionProperties) = preSolution
		HideSolutionNode = FALSE
	EndGlobalSection
	GlobalSection(ExtensibilityGlobals) = postSolution
		SolutionGuid = {75F22DBF-EB68-4A6F-AA10-AD56DF5DA4CB}
	EndGlobalSection
EndGlobal
