
Microsoft Visual Studio Solution File, Format Version 12.00
# Visual Studio Version 17
VisualStudioVersion = 17.10.35027.167
MinimumVisualStudioVersion = 10.0.40219.1
Project("{FAE04EC0-301F-11D3-BF4B-00C04F79EFBC}") = "Suma", "Suma\Suma.csproj", "{78EA385C-AE6B-41BB-94B6-4FC82F9D7143}"
EndProject
Global
	GlobalSection(SolutionConfigurationPlatforms) = preSolution
		Debug|Any CPU = Debug|Any CPU
		Release|Any CPU = Release|Any CPU
	EndGlobalSection
	GlobalSection(ProjectConfigurationPlatforms) = postSolution
		{78EA385C-AE6B-41BB-94B6-4FC82F9D7143}.Debug|Any CPU.ActiveCfg = Debug|Any CPU
		{78EA385C-AE6B-41BB-94B6-4FC82F9D7143}.Debug|Any CPU.Build.0 = Debug|Any CPU
		{78EA385C-AE6B-41BB-94B6-4FC82F9D7143}.Release|Any CPU.ActiveCfg = Release|Any CPU
		{78EA385C-AE6B-41BB-94B6-4FC82F9D7143}.Release|Any CPU.Build.0 = Release|Any CPU
	EndGlobalSection
	GlobalSection(SolutionProperties) = preSolution
		HideSolutionNode = FALSE
	EndGlobalSection
	GlobalSection(ExtensibilityGlobals) = postSolution
		SolutionGuid = {C07B35D9-EECC-40E3-92AD-D6A8DBC78CE2}
	EndGlobalSection
EndGlobal
